
Microsoft Visual Studio Solution File, Format Version 12.00
# Visual Studio Version 16
VisualStudioVersion = 16.0.30128.74
MinimumVisualStudioVersion = 10.0.40219.1
Project("{E24C65DC-7377-472B-9ABA-BC803B73C61A}") = "TallyPortal_updade(1)", ".", "{256FA8C0-22F2-4690-8B23-2464DCA99983}"
	ProjectSection(WebsiteProperties) = preProject
		TargetFrameworkMoniker = ".NETFramework,Version%3Dv4.6.1"
		Debug.AspNetCompiler.VirtualPath = "/localhost_2006"
		Debug.AspNetCompiler.PhysicalPath = "..\TallyPortal_updade\"
		Debug.AspNetCompiler.TargetPath = "PrecompiledWeb\localhost_2006\"
		Debug.AspNetCompiler.Updateable = "true"
		Debug.AspNetCompiler.ForceOverwrite = "true"
		Debug.AspNetCompiler.FixedNames = "false"
		Debug.AspNetCompiler.Debug = "True"
		Release.AspNetCompiler.VirtualPath = "/localhost_2006"
		Release.AspNetCompiler.PhysicalPath = "..\TallyPortal_updade\"
		Release.AspNetCompiler.TargetPath = "PrecompiledWeb\localhost_2006\"
		Release.AspNetCompiler.Updateable = "true"
		Release.AspNetCompiler.ForceOverwrite = "true"
		Release.AspNetCompiler.FixedNames = "false"
		Release.AspNetCompiler.Debug = "False"
		VWDPort = "2006"
		SlnRelativePath = "..\TallyPortal_updade\"
	EndProjectSection
EndProject
Global
	GlobalSection(SolutionConfigurationPlatforms) = preSolution
		Debug|Any CPU = Debug|Any CPU
	EndGlobalSection
	GlobalSection(ProjectConfigurationPlatforms) = postSolution
		{256FA8C0-22F2-4690-8B23-2464DCA99983}.Debug|Any CPU.ActiveCfg = Debug|Any CPU
		{256FA8C0-22F2-4690-8B23-2464DCA99983}.Debug|Any CPU.Build.0 = Debug|Any CPU
	EndGlobalSection
	GlobalSection(SolutionProperties) = preSolution
		HideSolutionNode = FALSE
	EndGlobalSection
	GlobalSection(ExtensibilityGlobals) = postSolution
		SolutionGuid = {64AE2218-A278-411D-99D0-C676CD9234FD}
	EndGlobalSection
EndGlobal
